
Microsoft Visual Studio Solution File, Format Version 12.00
# Visual Studio Version 17
VisualStudioVersion = 17.9.34728.123
MinimumVisualStudioVersion = 10.0.40219.1
Project("{F184B08F-C81C-45F6-A57F-5ABD9991F28F}") = "Справочник", "Справочник\Справочник.vbproj", "{42B21366-49A9-4BD8-9B8B-B54D36B0E33F}"
EndProject
Global
	GlobalSection(SolutionConfigurationPlatforms) = preSolution
		Debug|Any CPU = Debug|Any CPU
		Release|Any CPU = Release|Any CPU
	EndGlobalSection
	GlobalSection(ProjectConfigurationPlatforms) = postSolution
		{42B21366-49A9-4BD8-9B8B-B54D36B0E33F}.Debug|Any CPU.ActiveCfg = Debug|Any CPU
		{42B21366-49A9-4BD8-9B8B-B54D36B0E33F}.Debug|Any CPU.Build.0 = Debug|Any CPU
		{42B21366-49A9-4BD8-9B8B-B54D36B0E33F}.Release|Any CPU.ActiveCfg = Release|Any CPU
		{42B21366-49A9-4BD8-9B8B-B54D36B0E33F}.Release|Any CPU.Build.0 = Release|Any CPU
	EndGlobalSection
	GlobalSection(SolutionProperties) = preSolution
		HideSolutionNode = FALSE
	EndGlobalSection
	GlobalSection(ExtensibilityGlobals) = postSolution
		SolutionGuid = {E9A6B72F-77D3-4B71-AC5A-7B1363C869E1}
	EndGlobalSection
EndGlobal
